
Microsoft Visual Studio Solution File, Format Version 12.00
# Visual Studio 14
VisualStudioVersion = 14.0.25420.1
MinimumVisualStudioVersion = 10.0.40219.1
Project("{2150E333-8FDC-42A3-9474-1A3956D46DE8}") = "Sample", "Sample", "{B3762AC0-B102-4C6A-A941-1A07D4D17EA8}"
EndProject
Project("{2150E333-8FDC-42A3-9474-1A3956D46DE8}") = "Controls", "Controls", "{E50F3BE1-AD83-44C1-B059-A29880F6AE1C}"
EndProject
Project("{2150E333-8FDC-42A3-9474-1A3956D46DE8}") = "Nuspec", "Nuspec", "{78DF8893-7CAA-467B-8618-AACA7F224D78}"
	ProjectSection(SolutionItems) = preProject
		nuspec\MvvmCross.Controls.Android.SectionedRecyclerView.nuspec = nuspec\MvvmCross.Controls.Android.SectionedRecyclerView.nuspec
		nuspec\MvvmCross.Controls.IncrementalLoadingList.nuspec = nuspec\MvvmCross.Controls.IncrementalLoadingList.nuspec
	EndProjectSection
EndProject
Project("{FAE04EC0-301F-11D3-BF4B-00C04F79EFBC}") = "MvvmCross.Controls.Android.SectionedRecyclerView", "Controls\MvvmCross.Controls.Android.SectionedRecyclerView\MvvmCross.Controls.Android.SectionedRecyclerView.csproj", "{0D2FDF0F-61E1-4059-9C42-72642FA73145}"
EndProject
Project("{FAE04EC0-301F-11D3-BF4B-00C04F79EFBC}") = "MvvmCross.Controls.Sample.Core", "Samples\MvvmCross.Controls.Sample.Core\MvvmCross.Controls.Sample.Core.csproj", "{E4E0EB36-7249-4823-A4A0-3BB8556DB140}"
EndProject
Project("{FAE04EC0-301F-11D3-BF4B-00C04F79EFBC}") = "MvvmCross.Controls.Sample.Droid", "Samples\MvvmCross.Controls.Sample.Droid\MvvmCross.Controls.Sample.Droid.csproj", "{BFFDDCA9-718D-46C0-8B0B-AFBEA8E3CF5F}"
EndProject
Project("{2150E333-8FDC-42A3-9474-1A3956D46DE8}") = "IncrementalList", "IncrementalList", "{74C29A87-17B8-449D-891F-0E9B24A9CBB8}"
EndProject
Project("{FAE04EC0-301F-11D3-BF4B-00C04F79EFBC}") = "MvvmCross.Controls.IncrementalLoadingList", "Controls\IncrementalList\MvvmCross.Controls.IncrementalLoadingList\MvvmCross.Controls.IncrementalLoadingList.csproj", "{6446610E-7E0C-4B26-A7D8-8AFC8676BCFA}"
EndProject
Project("{FAE04EC0-301F-11D3-BF4B-00C04F79EFBC}") = "MvvmCross.Controls.IncrementalLoadingList.Droid", "Controls\IncrementalList\MvvmCross.Controls.IncrementalLoadingList.Droid\MvvmCross.Controls.IncrementalLoadingList.Droid.csproj", "{F644825B-66BE-4B42-853B-B39DE2F21CDB}"
EndProject
Project("{FAE04EC0-301F-11D3-BF4B-00C04F79EFBC}") = "MvvmCross.Controls.IncrementalLoadingList.WindowsCommon", "Controls\IncrementalList\MvvmCross.Controls.IncrementalLoadingList.WindowsCommon\MvvmCross.Controls.IncrementalLoadingList.WindowsCommon.csproj", "{C7754137-104F-4F9F-99BB-68D243D4013D}"
EndProject
Project("{2150E333-8FDC-42A3-9474-1A3956D46DE8}") = "BootstrapContent", "BootstrapContent", "{617E5F54-5899-4E42-BA91-D1CA52737DF2}"
	ProjectSection(SolutionItems) = preProject
		nuspec\BootstrapContent\IncrementalListPluginBootstrap.cs.pp = nuspec\BootstrapContent\IncrementalListPluginBootstrap.cs.pp
	EndProjectSection
EndProject
Project("{2150E333-8FDC-42A3-9474-1A3956D46DE8}") = "IosBootstrapContent", "IosBootstrapContent", "{85DD5D00-BA38-467E-8F74-919E427E56A2}"
	ProjectSection(SolutionItems) = preProject
		nuspec\IosBootstrapContent\IncrementalListPluginBootstrap.cs.pp = nuspec\IosBootstrapContent\IncrementalListPluginBootstrap.cs.pp
	EndProjectSection
EndProject
Project("{FAE04EC0-301F-11D3-BF4B-00C04F79EFBC}") = "MvvmCross.Controls.Sample.WindowsPhoneApp", "Samples\MvvmCross.Controls.Sample.WindowsPhoneApp\MvvmCross.Controls.Sample.WindowsPhoneApp.csproj", "{83E46C36-9F6B-44C9-ACA9-988D228842EE}"
EndProject
Project("{FAE04EC0-301F-11D3-BF4B-00C04F79EFBC}") = "MvvmCross.Controls.IncrementalLoadingList.iOS", "Controls\IncrementalList\MvvmCross.Controls.IncrementalLoadingList.iOS\MvvmCross.Controls.IncrementalLoadingList.iOS.csproj", "{EC4BB3E1-F91B-483F-81E3-5F32E859BEC1}"
EndProject
Project("{FAE04EC0-301F-11D3-BF4B-00C04F79EFBC}") = "MvvmCross.Controls.Sample.iOS", "Samples\MvvmCross.Controls.Sample.iOS\MvvmCross.Controls.Sample.iOS.csproj", "{306E793E-8802-4206-B92E-FCCAD665498A}"
EndProject
Global
	GlobalSection(SolutionConfigurationPlatforms) = preSolution
		Ad-Hoc|Any CPU = Ad-Hoc|Any CPU
		Ad-Hoc|ARM = Ad-Hoc|ARM
		Ad-Hoc|iPhone = Ad-Hoc|iPhone
		Ad-Hoc|iPhoneSimulator = Ad-Hoc|iPhoneSimulator
		Ad-Hoc|x86 = Ad-Hoc|x86
		AppStore|Any CPU = AppStore|Any CPU
		AppStore|ARM = AppStore|ARM
		AppStore|iPhone = AppStore|iPhone
		AppStore|iPhoneSimulator = AppStore|iPhoneSimulator
		AppStore|x86 = AppStore|x86
		Debug|Any CPU = Debug|Any CPU
		Debug|ARM = Debug|ARM
		Debug|iPhone = Debug|iPhone
		Debug|iPhoneSimulator = Debug|iPhoneSimulator
		Debug|x86 = Debug|x86
		Release|Any CPU = Release|Any CPU
		Release|ARM = Release|ARM
		Release|iPhone = Release|iPhone
		Release|iPhoneSimulator = Release|iPhoneSimulator
		Release|x86 = Release|x86
	EndGlobalSection
	GlobalSection(ProjectConfigurationPlatforms) = postSolution
		{0D2FDF0F-61E1-4059-9C42-72642FA73145}.Ad-Hoc|Any CPU.ActiveCfg = Release|Any CPU
		{0D2FDF0F-61E1-4059-9C42-72642FA73145}.Ad-Hoc|Any CPU.Build.0 = Release|Any CPU
		{0D2FDF0F-61E1-4059-9C42-72642FA73145}.Ad-Hoc|ARM.ActiveCfg = Release|Any CPU
		{0D2FDF0F-61E1-4059-9C42-72642FA73145}.Ad-Hoc|ARM.Build.0 = Release|Any CPU
		{0D2FDF0F-61E1-4059-9C42-72642FA73145}.Ad-Hoc|iPhone.ActiveCfg = Release|Any CPU
		{0D2FDF0F-61E1-4059-9C42-72642FA73145}.Ad-Hoc|iPhone.Build.0 = Release|Any CPU
		{0D2FDF0F-61E1-4059-9C42-72642FA73145}.Ad-Hoc|iPhoneSimulator.ActiveCfg = Release|Any CPU
		{0D2FDF0F-61E1-4059-9C42-72642FA73145}.Ad-Hoc|iPhoneSimulator.Build.0 = Release|Any CPU
		{0D2FDF0F-61E1-4059-9C42-72642FA73145}.Ad-Hoc|x86.ActiveCfg = Release|Any CPU
		{0D2FDF0F-61E1-4059-9C42-72642FA73145}.Ad-Hoc|x86.Build.0 = Release|Any CPU
		{0D2FDF0F-61E1-4059-9C42-72642FA73145}.AppStore|Any CPU.ActiveCfg = Release|Any CPU
		{0D2FDF0F-61E1-4059-9C42-72642FA73145}.AppStore|Any CPU.Build.0 = Release|Any CPU
		{0D2FDF0F-61E1-4059-9C42-72642FA73145}.AppStore|ARM.ActiveCfg = Release|Any CPU
		{0D2FDF0F-61E1-4059-9C42-72642FA73145}.AppStore|ARM.Build.0 = Release|Any CPU
		{0D2FDF0F-61E1-4059-9C42-72642FA73145}.AppStore|iPhone.ActiveCfg = Release|Any CPU
		{0D2FDF0F-61E1-4059-9C42-72642FA73145}.AppStore|iPhone.Build.0 = Release|Any CPU
		{0D2FDF0F-61E1-4059-9C42-72642FA73145}.AppStore|iPhoneSimulator.ActiveCfg = Release|Any CPU
		{0D2FDF0F-61E1-4059-9C42-72642FA73145}.AppStore|iPhoneSimulator.Build.0 = Release|Any CPU
		{0D2FDF0F-61E1-4059-9C42-72642FA73145}.AppStore|x86.ActiveCfg = Release|Any CPU
		{0D2FDF0F-61E1-4059-9C42-72642FA73145}.AppStore|x86.Build.0 = Release|Any CPU
		{0D2FDF0F-61E1-4059-9C42-72642FA73145}.Debug|Any CPU.ActiveCfg = Debug|Any CPU
		{0D2FDF0F-61E1-4059-9C42-72642FA73145}.Debug|Any CPU.Build.0 = Debug|Any CPU
		{0D2FDF0F-61E1-4059-9C42-72642FA73145}.Debug|ARM.ActiveCfg = Debug|Any CPU
		{0D2FDF0F-61E1-4059-9C42-72642FA73145}.Debug|ARM.Build.0 = Debug|Any CPU
		{0D2FDF0F-61E1-4059-9C42-72642FA73145}.Debug|iPhone.ActiveCfg = Debug|Any CPU
		{0D2FDF0F-61E1-4059-9C42-72642FA73145}.Debug|iPhone.Build.0 = Debug|Any CPU
		{0D2FDF0F-61E1-4059-9C42-72642FA73145}.Debug|iPhoneSimulator.ActiveCfg = Debug|Any CPU
		{0D2FDF0F-61E1-4059-9C42-72642FA73145}.Debug|iPhoneSimulator.Build.0 = Debug|Any CPU
		{0D2FDF0F-61E1-4059-9C42-72642FA73145}.Debug|x86.ActiveCfg = Debug|Any CPU
		{0D2FDF0F-61E1-4059-9C42-72642FA73145}.Debug|x86.Build.0 = Debug|Any CPU
		{0D2FDF0F-61E1-4059-9C42-72642FA73145}.Release|Any CPU.ActiveCfg = Release|Any CPU
		{0D2FDF0F-61E1-4059-9C42-72642FA73145}.Release|Any CPU.Build.0 = Release|Any CPU
		{0D2FDF0F-61E1-4059-9C42-72642FA73145}.Release|ARM.ActiveCfg = Release|Any CPU
		{0D2FDF0F-61E1-4059-9C42-72642FA73145}.Release|ARM.Build.0 = Release|Any CPU
		{0D2FDF0F-61E1-4059-9C42-72642FA73145}.Release|iPhone.ActiveCfg = Release|Any CPU
		{0D2FDF0F-61E1-4059-9C42-72642FA73145}.Release|iPhone.Build.0 = Release|Any CPU
		{0D2FDF0F-61E1-4059-9C42-72642FA73145}.Release|iPhoneSimulator.ActiveCfg = Release|Any CPU
		{0D2FDF0F-61E1-4059-9C42-72642FA73145}.Release|iPhoneSimulator.Build.0 = Release|Any CPU
		{0D2FDF0F-61E1-4059-9C42-72642FA73145}.Release|x86.ActiveCfg = Release|Any CPU
		{0D2FDF0F-61E1-4059-9C42-72642FA73145}.Release|x86.Build.0 = Release|Any CPU
		{E4E0EB36-7249-4823-A4A0-3BB8556DB140}.Ad-Hoc|Any CPU.ActiveCfg = Release|Any CPU
		{E4E0EB36-7249-4823-A4A0-3BB8556DB140}.Ad-Hoc|Any CPU.Build.0 = Release|Any CPU
		{E4E0EB36-7249-4823-A4A0-3BB8556DB140}.Ad-Hoc|ARM.ActiveCfg = Release|Any CPU
		{E4E0EB36-7249-4823-A4A0-3BB8556DB140}.Ad-Hoc|ARM.Build.0 = Release|Any CPU
		{E4E0EB36-7249-4823-A4A0-3BB8556DB140}.Ad-Hoc|iPhone.ActiveCfg = Release|Any CPU
		{E4E0EB36-7249-4823-A4A0-3BB8556DB140}.Ad-Hoc|iPhone.Build.0 = Release|Any CPU
		{E4E0EB36-7249-4823-A4A0-3BB8556DB140}.Ad-Hoc|iPhoneSimulator.ActiveCfg = Release|Any CPU
		{E4E0EB36-7249-4823-A4A0-3BB8556DB140}.Ad-Hoc|iPhoneSimulator.Build.0 = Release|Any CPU
		{E4E0EB36-7249-4823-A4A0-3BB8556DB140}.Ad-Hoc|x86.ActiveCfg = Release|Any CPU
		{E4E0EB36-7249-4823-A4A0-3BB8556DB140}.Ad-Hoc|x86.Build.0 = Release|Any CPU
		{E4E0EB36-7249-4823-A4A0-3BB8556DB140}.AppStore|Any CPU.ActiveCfg = Release|Any CPU
		{E4E0EB36-7249-4823-A4A0-3BB8556DB140}.AppStore|Any CPU.Build.0 = Release|Any CPU
		{E4E0EB36-7249-4823-A4A0-3BB8556DB140}.AppStore|ARM.ActiveCfg = Release|Any CPU
		{E4E0EB36-7249-4823-A4A0-3BB8556DB140}.AppStore|ARM.Build.0 = Release|Any CPU
		{E4E0EB36-7249-4823-A4A0-3BB8556DB140}.AppStore|iPhone.ActiveCfg = Release|Any CPU
		{E4E0EB36-7249-4823-A4A0-3BB8556DB140}.AppStore|iPhone.Build.0 = Release|Any CPU
		{E4E0EB36-7249-4823-A4A0-3BB8556DB140}.AppStore|iPhoneSimulator.ActiveCfg = Release|Any CPU
		{E4E0EB36-7249-4823-A4A0-3BB8556DB140}.AppStore|iPhoneSimulator.Build.0 = Release|Any CPU
		{E4E0EB36-7249-4823-A4A0-3BB8556DB140}.AppStore|x86.ActiveCfg = Release|Any CPU
		{E4E0EB36-7249-4823-A4A0-3BB8556DB140}.AppStore|x86.Build.0 = Release|Any CPU
		{E4E0EB36-7249-4823-A4A0-3BB8556DB140}.Debug|Any CPU.ActiveCfg = Debug|Any CPU
		{E4E0EB36-7249-4823-A4A0-3BB8556DB140}.Debug|Any CPU.Build.0 = Debug|Any CPU
		{E4E0EB36-7249-4823-A4A0-3BB8556DB140}.Debug|ARM.ActiveCfg = Debug|Any CPU
		{E4E0EB36-7249-4823-A4A0-3BB8556DB140}.Debug|ARM.Build.0 = Debug|Any CPU
		{E4E0EB36-7249-4823-A4A0-3BB8556DB140}.Debug|iPhone.ActiveCfg = Debug|Any CPU
		{E4E0EB36-7249-4823-A4A0-3BB8556DB140}.Debug|iPhone.Build.0 = Debug|Any CPU
		{E4E0EB36-7249-4823-A4A0-3BB8556DB140}.Debug|iPhoneSimulator.ActiveCfg = Debug|Any CPU
		{E4E0EB36-7249-4823-A4A0-3BB8556DB140}.Debug|iPhoneSimulator.Build.0 = Debug|Any CPU
		{E4E0EB36-7249-4823-A4A0-3BB8556DB140}.Debug|x86.ActiveCfg = Debug|Any CPU
		{E4E0EB36-7249-4823-A4A0-3BB8556DB140}.Debug|x86.Build.0 = Debug|Any CPU
		{E4E0EB36-7249-4823-A4A0-3BB8556DB140}.Release|Any CPU.ActiveCfg = Release|Any CPU
		{E4E0EB36-7249-4823-A4A0-3BB8556DB140}.Release|Any CPU.Build.0 = Release|Any CPU
		{E4E0EB36-7249-4823-A4A0-3BB8556DB140}.Release|ARM.ActiveCfg = Release|Any CPU
		{E4E0EB36-7249-4823-A4A0-3BB8556DB140}.Release|ARM.Build.0 = Release|Any CPU
		{E4E0EB36-7249-4823-A4A0-3BB8556DB140}.Release|iPhone.ActiveCfg = Release|Any CPU
		{E4E0EB36-7249-4823-A4A0-3BB8556DB140}.Release|iPhone.Build.0 = Release|Any CPU
		{E4E0EB36-7249-4823-A4A0-3BB8556DB140}.Release|iPhoneSimulator.ActiveCfg = Release|Any CPU
		{E4E0EB36-7249-4823-A4A0-3BB8556DB140}.Release|iPhoneSimulator.Build.0 = Release|Any CPU
		{E4E0EB36-7249-4823-A4A0-3BB8556DB140}.Release|x86.ActiveCfg = Release|Any CPU
		{E4E0EB36-7249-4823-A4A0-3BB8556DB140}.Release|x86.Build.0 = Release|Any CPU
		{BFFDDCA9-718D-46C0-8B0B-AFBEA8E3CF5F}.Ad-Hoc|Any CPU.ActiveCfg = Release|Any CPU
		{BFFDDCA9-718D-46C0-8B0B-AFBEA8E3CF5F}.Ad-Hoc|Any CPU.Build.0 = Release|Any CPU
		{BFFDDCA9-718D-46C0-8B0B-AFBEA8E3CF5F}.Ad-Hoc|Any CPU.Deploy.0 = Release|Any CPU
		{BFFDDCA9-718D-46C0-8B0B-AFBEA8E3CF5F}.Ad-Hoc|ARM.ActiveCfg = Release|Any CPU
		{BFFDDCA9-718D-46C0-8B0B-AFBEA8E3CF5F}.Ad-Hoc|ARM.Build.0 = Release|Any CPU
		{BFFDDCA9-718D-46C0-8B0B-AFBEA8E3CF5F}.Ad-Hoc|ARM.Deploy.0 = Release|Any CPU
		{BFFDDCA9-718D-46C0-8B0B-AFBEA8E3CF5F}.Ad-Hoc|iPhone.ActiveCfg = Release|Any CPU
		{BFFDDCA9-718D-46C0-8B0B-AFBEA8E3CF5F}.Ad-Hoc|iPhone.Build.0 = Release|Any CPU
		{BFFDDCA9-718D-46C0-8B0B-AFBEA8E3CF5F}.Ad-Hoc|iPhone.Deploy.0 = Release|Any CPU
		{BFFDDCA9-718D-46C0-8B0B-AFBEA8E3CF5F}.Ad-Hoc|iPhoneSimulator.ActiveCfg = Release|Any CPU
		{BFFDDCA9-718D-46C0-8B0B-AFBEA8E3CF5F}.Ad-Hoc|iPhoneSimulator.Build.0 = Release|Any CPU
		{BFFDDCA9-718D-46C0-8B0B-AFBEA8E3CF5F}.Ad-Hoc|iPhoneSimulator.Deploy.0 = Release|Any CPU
		{BFFDDCA9-718D-46C0-8B0B-AFBEA8E3CF5F}.Ad-Hoc|x86.ActiveCfg = Release|Any CPU
		{BFFDDCA9-718D-46C0-8B0B-AFBEA8E3CF5F}.Ad-Hoc|x86.Build.0 = Release|Any CPU
		{BFFDDCA9-718D-46C0-8B0B-AFBEA8E3CF5F}.Ad-Hoc|x86.Deploy.0 = Release|Any CPU
		{BFFDDCA9-718D-46C0-8B0B-AFBEA8E3CF5F}.AppStore|Any CPU.ActiveCfg = Release|Any CPU
		{BFFDDCA9-718D-46C0-8B0B-AFBEA8E3CF5F}.AppStore|Any CPU.Build.0 = Release|Any CPU
		{BFFDDCA9-718D-46C0-8B0B-AFBEA8E3CF5F}.AppStore|Any CPU.Deploy.0 = Release|Any CPU
		{BFFDDCA9-718D-46C0-8B0B-AFBEA8E3CF5F}.AppStore|ARM.ActiveCfg = Release|Any CPU
		{BFFDDCA9-718D-46C0-8B0B-AFBEA8E3CF5F}.AppStore|ARM.Build.0 = Release|Any CPU
		{BFFDDCA9-718D-46C0-8B0B-AFBEA8E3CF5F}.AppStore|ARM.Deploy.0 = Release|Any CPU
		{BFFDDCA9-718D-46C0-8B0B-AFBEA8E3CF5F}.AppStore|iPhone.ActiveCfg = Release|Any CPU
		{BFFDDCA9-718D-46C0-8B0B-AFBEA8E3CF5F}.AppStore|iPhone.Build.0 = Release|Any CPU
		{BFFDDCA9-718D-46C0-8B0B-AFBEA8E3CF5F}.AppStore|iPhone.Deploy.0 = Release|Any CPU
		{BFFDDCA9-718D-46C0-8B0B-AFBEA8E3CF5F}.AppStore|iPhoneSimulator.ActiveCfg = Release|Any CPU
		{BFFDDCA9-718D-46C0-8B0B-AFBEA8E3CF5F}.AppStore|iPhoneSimulator.Build.0 = Release|Any CPU
		{BFFDDCA9-718D-46C0-8B0B-AFBEA8E3CF5F}.AppStore|iPhoneSimulator.Deploy.0 = Release|Any CPU
		{BFFDDCA9-718D-46C0-8B0B-AFBEA8E3CF5F}.AppStore|x86.ActiveCfg = Release|Any CPU
		{BFFDDCA9-718D-46C0-8B0B-AFBEA8E3CF5F}.AppStore|x86.Build.0 = Release|Any CPU
		{BFFDDCA9-718D-46C0-8B0B-AFBEA8E3CF5F}.AppStore|x86.Deploy.0 = Release|Any CPU
		{BFFDDCA9-718D-46C0-8B0B-AFBEA8E3CF5F}.Debug|Any CPU.ActiveCfg = Debug|Any CPU
		{BFFDDCA9-718D-46C0-8B0B-AFBEA8E3CF5F}.Debug|Any CPU.Build.0 = Debug|Any CPU
		{BFFDDCA9-718D-46C0-8B0B-AFBEA8E3CF5F}.Debug|Any CPU.Deploy.0 = Debug|Any CPU
		{BFFDDCA9-718D-46C0-8B0B-AFBEA8E3CF5F}.Debug|ARM.ActiveCfg = Debug|Any CPU
		{BFFDDCA9-718D-46C0-8B0B-AFBEA8E3CF5F}.Debug|ARM.Build.0 = Debug|Any CPU
		{BFFDDCA9-718D-46C0-8B0B-AFBEA8E3CF5F}.Debug|ARM.Deploy.0 = Debug|Any CPU
		{BFFDDCA9-718D-46C0-8B0B-AFBEA8E3CF5F}.Debug|iPhone.ActiveCfg = Debug|Any CPU
		{BFFDDCA9-718D-46C0-8B0B-AFBEA8E3CF5F}.Debug|iPhone.Build.0 = Debug|Any CPU
		{BFFDDCA9-718D-46C0-8B0B-AFBEA8E3CF5F}.Debug|iPhone.Deploy.0 = Debug|Any CPU
		{BFFDDCA9-718D-46C0-8B0B-AFBEA8E3CF5F}.Debug|iPhoneSimulator.ActiveCfg = Debug|Any CPU
		{BFFDDCA9-718D-46C0-8B0B-AFBEA8E3CF5F}.Debug|iPhoneSimulator.Build.0 = Debug|Any CPU
		{BFFDDCA9-718D-46C0-8B0B-AFBEA8E3CF5F}.Debug|iPhoneSimulator.Deploy.0 = Debug|Any CPU
		{BFFDDCA9-718D-46C0-8B0B-AFBEA8E3CF5F}.Debug|x86.ActiveCfg = Debug|Any CPU
		{BFFDDCA9-718D-46C0-8B0B-AFBEA8E3CF5F}.Debug|x86.Build.0 = Debug|Any CPU
		{BFFDDCA9-718D-46C0-8B0B-AFBEA8E3CF5F}.Debug|x86.Deploy.0 = Debug|Any CPU
		{BFFDDCA9-718D-46C0-8B0B-AFBEA8E3CF5F}.Release|Any CPU.ActiveCfg = Release|Any CPU
		{BFFDDCA9-718D-46C0-8B0B-AFBEA8E3CF5F}.Release|Any CPU.Build.0 = Release|Any CPU
		{BFFDDCA9-718D-46C0-8B0B-AFBEA8E3CF5F}.Release|Any CPU.Deploy.0 = Release|Any CPU
		{BFFDDCA9-718D-46C0-8B0B-AFBEA8E3CF5F}.Release|ARM.ActiveCfg = Release|Any CPU
		{BFFDDCA9-718D-46C0-8B0B-AFBEA8E3CF5F}.Release|ARM.Build.0 = Release|Any CPU
		{BFFDDCA9-718D-46C0-8B0B-AFBEA8E3CF5F}.Release|ARM.Deploy.0 = Release|Any CPU
		{BFFDDCA9-718D-46C0-8B0B-AFBEA8E3CF5F}.Release|iPhone.ActiveCfg = Release|Any CPU
		{BFFDDCA9-718D-46C0-8B0B-AFBEA8E3CF5F}.Release|iPhone.Build.0 = Release|Any CPU
		{BFFDDCA9-718D-46C0-8B0B-AFBEA8E3CF5F}.Release|iPhone.Deploy.0 = Release|Any CPU
		{BFFDDCA9-718D-46C0-8B0B-AFBEA8E3CF5F}.Release|iPhoneSimulator.ActiveCfg = Release|Any CPU
		{BFFDDCA9-718D-46C0-8B0B-AFBEA8E3CF5F}.Release|iPhoneSimulator.Build.0 = Release|Any CPU
		{BFFDDCA9-718D-46C0-8B0B-AFBEA8E3CF5F}.Release|iPhoneSimulator.Deploy.0 = Release|Any CPU
		{BFFDDCA9-718D-46C0-8B0B-AFBEA8E3CF5F}.Release|x86.ActiveCfg = Release|Any CPU
		{BFFDDCA9-718D-46C0-8B0B-AFBEA8E3CF5F}.Release|x86.Build.0 = Release|Any CPU
		{BFFDDCA9-718D-46C0-8B0B-AFBEA8E3CF5F}.Release|x86.Deploy.0 = Release|Any CPU
		{6446610E-7E0C-4B26-A7D8-8AFC8676BCFA}.Ad-Hoc|Any CPU.ActiveCfg = Release|Any CPU
		{6446610E-7E0C-4B26-A7D8-8AFC8676BCFA}.Ad-Hoc|Any CPU.Build.0 = Release|Any CPU
		{6446610E-7E0C-4B26-A7D8-8AFC8676BCFA}.Ad-Hoc|ARM.ActiveCfg = Release|Any CPU
		{6446610E-7E0C-4B26-A7D8-8AFC8676BCFA}.Ad-Hoc|ARM.Build.0 = Release|Any CPU
		{6446610E-7E0C-4B26-A7D8-8AFC8676BCFA}.Ad-Hoc|iPhone.ActiveCfg = Release|Any CPU
		{6446610E-7E0C-4B26-A7D8-8AFC8676BCFA}.Ad-Hoc|iPhone.Build.0 = Release|Any CPU
		{6446610E-7E0C-4B26-A7D8-8AFC8676BCFA}.Ad-Hoc|iPhoneSimulator.ActiveCfg = Release|Any CPU
		{6446610E-7E0C-4B26-A7D8-8AFC8676BCFA}.Ad-Hoc|iPhoneSimulator.Build.0 = Release|Any CPU
		{6446610E-7E0C-4B26-A7D8-8AFC8676BCFA}.Ad-Hoc|x86.ActiveCfg = Release|Any CPU
		{6446610E-7E0C-4B26-A7D8-8AFC8676BCFA}.Ad-Hoc|x86.Build.0 = Release|Any CPU
		{6446610E-7E0C-4B26-A7D8-8AFC8676BCFA}.AppStore|Any CPU.ActiveCfg = Release|Any CPU
		{6446610E-7E0C-4B26-A7D8-8AFC8676BCFA}.AppStore|Any CPU.Build.0 = Release|Any CPU
		{6446610E-7E0C-4B26-A7D8-8AFC8676BCFA}.AppStore|ARM.ActiveCfg = Release|Any CPU
		{6446610E-7E0C-4B26-A7D8-8AFC8676BCFA}.AppStore|ARM.Build.0 = Release|Any CPU
		{6446610E-7E0C-4B26-A7D8-8AFC8676BCFA}.AppStore|iPhone.ActiveCfg = Release|Any CPU
		{6446610E-7E0C-4B26-A7D8-8AFC8676BCFA}.AppStore|iPhone.Build.0 = Release|Any CPU
		{6446610E-7E0C-4B26-A7D8-8AFC8676BCFA}.AppStore|iPhoneSimulator.ActiveCfg = Release|Any CPU
		{6446610E-7E0C-4B26-A7D8-8AFC8676BCFA}.AppStore|iPhoneSimulator.Build.0 = Release|Any CPU
		{6446610E-7E0C-4B26-A7D8-8AFC8676BCFA}.AppStore|x86.ActiveCfg = Release|Any CPU
		{6446610E-7E0C-4B26-A7D8-8AFC8676BCFA}.AppStore|x86.Build.0 = Release|Any CPU
		{6446610E-7E0C-4B26-A7D8-8AFC8676BCFA}.Debug|Any CPU.ActiveCfg = Debug|Any CPU
		{6446610E-7E0C-4B26-A7D8-8AFC8676BCFA}.Debug|Any CPU.Build.0 = Debug|Any CPU
		{6446610E-7E0C-4B26-A7D8-8AFC8676BCFA}.Debug|ARM.ActiveCfg = Debug|Any CPU
		{6446610E-7E0C-4B26-A7D8-8AFC8676BCFA}.Debug|ARM.Build.0 = Debug|Any CPU
		{6446610E-7E0C-4B26-A7D8-8AFC8676BCFA}.Debug|iPhone.ActiveCfg = Debug|Any CPU
		{6446610E-7E0C-4B26-A7D8-8AFC8676BCFA}.Debug|iPhone.Build.0 = Debug|Any CPU
		{6446610E-7E0C-4B26-A7D8-8AFC8676BCFA}.Debug|iPhoneSimulator.ActiveCfg = Debug|Any CPU
		{6446610E-7E0C-4B26-A7D8-8AFC8676BCFA}.Debug|iPhoneSimulator.Build.0 = Debug|Any CPU
		{6446610E-7E0C-4B26-A7D8-8AFC8676BCFA}.Debug|x86.ActiveCfg = Debug|Any CPU
		{6446610E-7E0C-4B26-A7D8-8AFC8676BCFA}.Debug|x86.Build.0 = Debug|Any CPU
		{6446610E-7E0C-4B26-A7D8-8AFC8676BCFA}.Release|Any CPU.ActiveCfg = Release|Any CPU
		{6446610E-7E0C-4B26-A7D8-8AFC8676BCFA}.Release|Any CPU.Build.0 = Release|Any CPU
		{6446610E-7E0C-4B26-A7D8-8AFC8676BCFA}.Release|ARM.ActiveCfg = Release|Any CPU
		{6446610E-7E0C-4B26-A7D8-8AFC8676BCFA}.Release|ARM.Build.0 = Release|Any CPU
		{6446610E-7E0C-4B26-A7D8-8AFC8676BCFA}.Release|iPhone.ActiveCfg = Release|Any CPU
		{6446610E-7E0C-4B26-A7D8-8AFC8676BCFA}.Release|iPhone.Build.0 = Release|Any CPU
		{6446610E-7E0C-4B26-A7D8-8AFC8676BCFA}.Release|iPhoneSimulator.ActiveCfg = Release|Any CPU
		{6446610E-7E0C-4B26-A7D8-8AFC8676BCFA}.Release|iPhoneSimulator.Build.0 = Release|Any CPU
		{6446610E-7E0C-4B26-A7D8-8AFC8676BCFA}.Release|x86.ActiveCfg = Release|Any CPU
		{6446610E-7E0C-4B26-A7D8-8AFC8676BCFA}.Release|x86.Build.0 = Release|Any CPU
		{F644825B-66BE-4B42-853B-B39DE2F21CDB}.Ad-Hoc|Any CPU.ActiveCfg = Release|Any CPU
		{F644825B-66BE-4B42-853B-B39DE2F21CDB}.Ad-Hoc|Any CPU.Build.0 = Release|Any CPU
		{F644825B-66BE-4B42-853B-B39DE2F21CDB}.Ad-Hoc|ARM.ActiveCfg = Release|Any CPU
		{F644825B-66BE-4B42-853B-B39DE2F21CDB}.Ad-Hoc|ARM.Build.0 = Release|Any CPU
		{F644825B-66BE-4B42-853B-B39DE2F21CDB}.Ad-Hoc|iPhone.ActiveCfg = Release|Any CPU
		{F644825B-66BE-4B42-853B-B39DE2F21CDB}.Ad-Hoc|iPhone.Build.0 = Release|Any CPU
		{F644825B-66BE-4B42-853B-B39DE2F21CDB}.Ad-Hoc|iPhoneSimulator.ActiveCfg = Release|Any CPU
		{F644825B-66BE-4B42-853B-B39DE2F21CDB}.Ad-Hoc|iPhoneSimulator.Build.0 = Release|Any CPU
		{F644825B-66BE-4B42-853B-B39DE2F21CDB}.Ad-Hoc|x86.ActiveCfg = Release|Any CPU
		{F644825B-66BE-4B42-853B-B39DE2F21CDB}.Ad-Hoc|x86.Build.0 = Release|Any CPU
		{F644825B-66BE-4B42-853B-B39DE2F21CDB}.AppStore|Any CPU.ActiveCfg = Release|Any CPU
		{F644825B-66BE-4B42-853B-B39DE2F21CDB}.AppStore|Any CPU.Build.0 = Release|Any CPU
		{F644825B-66BE-4B42-853B-B39DE2F21CDB}.AppStore|ARM.ActiveCfg = Release|Any CPU
		{F644825B-66BE-4B42-853B-B39DE2F21CDB}.AppStore|ARM.Build.0 = Release|Any CPU
		{F644825B-66BE-4B42-853B-B39DE2F21CDB}.AppStore|iPhone.ActiveCfg = Release|Any CPU
		{F644825B-66BE-4B42-853B-B39DE2F21CDB}.AppStore|iPhone.Build.0 = Release|Any CPU
		{F644825B-66BE-4B42-853B-B39DE2F21CDB}.AppStore|iPhoneSimulator.ActiveCfg = Release|Any CPU
		{F644825B-66BE-4B42-853B-B39DE2F21CDB}.AppStore|iPhoneSimulator.Build.0 = Release|Any CPU
		{F644825B-66BE-4B42-853B-B39DE2F21CDB}.AppStore|x86.ActiveCfg = Release|Any CPU
		{F644825B-66BE-4B42-853B-B39DE2F21CDB}.AppStore|x86.Build.0 = Release|Any CPU
		{F644825B-66BE-4B42-853B-B39DE2F21CDB}.Debug|Any CPU.ActiveCfg = Debug|Any CPU
		{F644825B-66BE-4B42-853B-B39DE2F21CDB}.Debug|Any CPU.Build.0 = Debug|Any CPU
		{F644825B-66BE-4B42-853B-B39DE2F21CDB}.Debug|ARM.ActiveCfg = Debug|Any CPU
		{F644825B-66BE-4B42-853B-B39DE2F21CDB}.Debug|ARM.Build.0 = Debug|Any CPU
		{F644825B-66BE-4B42-853B-B39DE2F21CDB}.Debug|iPhone.ActiveCfg = Debug|Any CPU
		{F644825B-66BE-4B42-853B-B39DE2F21CDB}.Debug|iPhone.Build.0 = Debug|Any CPU
		{F644825B-66BE-4B42-853B-B39DE2F21CDB}.Debug|iPhoneSimulator.ActiveCfg = Debug|Any CPU
		{F644825B-66BE-4B42-853B-B39DE2F21CDB}.Debug|iPhoneSimulator.Build.0 = Debug|Any CPU
		{F644825B-66BE-4B42-853B-B39DE2F21CDB}.Debug|x86.ActiveCfg = Debug|Any CPU
		{F644825B-66BE-4B42-853B-B39DE2F21CDB}.Debug|x86.Build.0 = Debug|Any CPU
		{F644825B-66BE-4B42-853B-B39DE2F21CDB}.Release|Any CPU.ActiveCfg = Release|Any CPU
		{F644825B-66BE-4B42-853B-B39DE2F21CDB}.Release|Any CPU.Build.0 = Release|Any CPU
		{F644825B-66BE-4B42-853B-B39DE2F21CDB}.Release|ARM.ActiveCfg = Release|Any CPU
		{F644825B-66BE-4B42-853B-B39DE2F21CDB}.Release|ARM.Build.0 = Release|Any CPU
		{F644825B-66BE-4B42-853B-B39DE2F21CDB}.Release|iPhone.ActiveCfg = Release|Any CPU
		{F644825B-66BE-4B42-853B-B39DE2F21CDB}.Release|iPhone.Build.0 = Release|Any CPU
		{F644825B-66BE-4B42-853B-B39DE2F21CDB}.Release|iPhoneSimulator.ActiveCfg = Release|Any CPU
		{F644825B-66BE-4B42-853B-B39DE2F21CDB}.Release|iPhoneSimulator.Build.0 = Release|Any CPU
		{F644825B-66BE-4B42-853B-B39DE2F21CDB}.Release|x86.ActiveCfg = Release|Any CPU
		{F644825B-66BE-4B42-853B-B39DE2F21CDB}.Release|x86.Build.0 = Release|Any CPU
		{C7754137-104F-4F9F-99BB-68D243D4013D}.Ad-Hoc|Any CPU.ActiveCfg = Release|Any CPU
		{C7754137-104F-4F9F-99BB-68D243D4013D}.Ad-Hoc|Any CPU.Build.0 = Release|Any CPU
		{C7754137-104F-4F9F-99BB-68D243D4013D}.Ad-Hoc|ARM.ActiveCfg = Release|Any CPU
		{C7754137-104F-4F9F-99BB-68D243D4013D}.Ad-Hoc|ARM.Build.0 = Release|Any CPU
		{C7754137-104F-4F9F-99BB-68D243D4013D}.Ad-Hoc|iPhone.ActiveCfg = Release|Any CPU
		{C7754137-104F-4F9F-99BB-68D243D4013D}.Ad-Hoc|iPhone.Build.0 = Release|Any CPU
		{C7754137-104F-4F9F-99BB-68D243D4013D}.Ad-Hoc|iPhoneSimulator.ActiveCfg = Release|Any CPU
		{C7754137-104F-4F9F-99BB-68D243D4013D}.Ad-Hoc|iPhoneSimulator.Build.0 = Release|Any CPU
		{C7754137-104F-4F9F-99BB-68D243D4013D}.Ad-Hoc|x86.ActiveCfg = Release|Any CPU
		{C7754137-104F-4F9F-99BB-68D243D4013D}.Ad-Hoc|x86.Build.0 = Release|Any CPU
		{C7754137-104F-4F9F-99BB-68D243D4013D}.AppStore|Any CPU.ActiveCfg = Release|Any CPU
		{C7754137-104F-4F9F-99BB-68D243D4013D}.AppStore|Any CPU.Build.0 = Release|Any CPU
		{C7754137-104F-4F9F-99BB-68D243D4013D}.AppStore|ARM.ActiveCfg = Release|Any CPU
		{C7754137-104F-4F9F-99BB-68D243D4013D}.AppStore|ARM.Build.0 = Release|Any CPU
		{C7754137-104F-4F9F-99BB-68D243D4013D}.AppStore|iPhone.ActiveCfg = Release|Any CPU
		{C7754137-104F-4F9F-99BB-68D243D4013D}.AppStore|iPhone.Build.0 = Release|Any CPU
		{C7754137-104F-4F9F-99BB-68D243D4013D}.AppStore|iPhoneSimulator.ActiveCfg = Release|Any CPU
		{C7754137-104F-4F9F-99BB-68D243D4013D}.AppStore|iPhoneSimulator.Build.0 = Release|Any CPU
		{C7754137-104F-4F9F-99BB-68D243D4013D}.AppStore|x86.ActiveCfg = Release|Any CPU
		{C7754137-104F-4F9F-99BB-68D243D4013D}.AppStore|x86.Build.0 = Release|Any CPU
		{C7754137-104F-4F9F-99BB-68D243D4013D}.Debug|Any CPU.ActiveCfg = Debug|Any CPU
		{C7754137-104F-4F9F-99BB-68D243D4013D}.Debug|Any CPU.Build.0 = Debug|Any CPU
		{C7754137-104F-4F9F-99BB-68D243D4013D}.Debug|ARM.ActiveCfg = Debug|Any CPU
		{C7754137-104F-4F9F-99BB-68D243D4013D}.Debug|ARM.Build.0 = Debug|Any CPU
		{C7754137-104F-4F9F-99BB-68D243D4013D}.Debug|iPhone.ActiveCfg = Debug|Any CPU
		{C7754137-104F-4F9F-99BB-68D243D4013D}.Debug|iPhone.Build.0 = Debug|Any CPU
		{C7754137-104F-4F9F-99BB-68D243D4013D}.Debug|iPhoneSimulator.ActiveCfg = Debug|Any CPU
		{C7754137-104F-4F9F-99BB-68D243D4013D}.Debug|iPhoneSimulator.Build.0 = Debug|Any CPU
		{C7754137-104F-4F9F-99BB-68D243D4013D}.Debug|x86.ActiveCfg = Debug|Any CPU
		{C7754137-104F-4F9F-99BB-68D243D4013D}.Debug|x86.Build.0 = Debug|Any CPU
		{C7754137-104F-4F9F-99BB-68D243D4013D}.Release|Any CPU.ActiveCfg = Release|Any CPU
		{C7754137-104F-4F9F-99BB-68D243D4013D}.Release|Any CPU.Build.0 = Release|Any CPU
		{C7754137-104F-4F9F-99BB-68D243D4013D}.Release|ARM.ActiveCfg = Release|Any CPU
		{C7754137-104F-4F9F-99BB-68D243D4013D}.Release|ARM.Build.0 = Release|Any CPU
		{C7754137-104F-4F9F-99BB-68D243D4013D}.Release|iPhone.ActiveCfg = Release|Any CPU
		{C7754137-104F-4F9F-99BB-68D243D4013D}.Release|iPhone.Build.0 = Release|Any CPU
		{C7754137-104F-4F9F-99BB-68D243D4013D}.Release|iPhoneSimulator.ActiveCfg = Release|Any CPU
		{C7754137-104F-4F9F-99BB-68D243D4013D}.Release|iPhoneSimulator.Build.0 = Release|Any CPU
		{C7754137-104F-4F9F-99BB-68D243D4013D}.Release|x86.ActiveCfg = Release|Any CPU
		{C7754137-104F-4F9F-99BB-68D243D4013D}.Release|x86.Build.0 = Release|Any CPU
		{83E46C36-9F6B-44C9-ACA9-988D228842EE}.Ad-Hoc|Any CPU.ActiveCfg = Release|Any CPU
		{83E46C36-9F6B-44C9-ACA9-988D228842EE}.Ad-Hoc|Any CPU.Build.0 = Release|Any CPU
		{83E46C36-9F6B-44C9-ACA9-988D228842EE}.Ad-Hoc|Any CPU.Deploy.0 = Release|Any CPU
		{83E46C36-9F6B-44C9-ACA9-988D228842EE}.Ad-Hoc|ARM.ActiveCfg = Release|ARM
		{83E46C36-9F6B-44C9-ACA9-988D228842EE}.Ad-Hoc|ARM.Build.0 = Release|ARM
		{83E46C36-9F6B-44C9-ACA9-988D228842EE}.Ad-Hoc|ARM.Deploy.0 = Release|ARM
		{83E46C36-9F6B-44C9-ACA9-988D228842EE}.Ad-Hoc|iPhone.ActiveCfg = Release|Any CPU
		{83E46C36-9F6B-44C9-ACA9-988D228842EE}.Ad-Hoc|iPhone.Build.0 = Release|Any CPU
		{83E46C36-9F6B-44C9-ACA9-988D228842EE}.Ad-Hoc|iPhone.Deploy.0 = Release|Any CPU
		{83E46C36-9F6B-44C9-ACA9-988D228842EE}.Ad-Hoc|iPhoneSimulator.ActiveCfg = Release|Any CPU
		{83E46C36-9F6B-44C9-ACA9-988D228842EE}.Ad-Hoc|iPhoneSimulator.Build.0 = Release|Any CPU
		{83E46C36-9F6B-44C9-ACA9-988D228842EE}.Ad-Hoc|iPhoneSimulator.Deploy.0 = Release|Any CPU
		{83E46C36-9F6B-44C9-ACA9-988D228842EE}.Ad-Hoc|x86.ActiveCfg = Release|x86
		{83E46C36-9F6B-44C9-ACA9-988D228842EE}.Ad-Hoc|x86.Build.0 = Release|x86
		{83E46C36-9F6B-44C9-ACA9-988D228842EE}.Ad-Hoc|x86.Deploy.0 = Release|x86
		{83E46C36-9F6B-44C9-ACA9-988D228842EE}.AppStore|Any CPU.ActiveCfg = Release|Any CPU
		{83E46C36-9F6B-44C9-ACA9-988D228842EE}.AppStore|Any CPU.Build.0 = Release|Any CPU
		{83E46C36-9F6B-44C9-ACA9-988D228842EE}.AppStore|Any CPU.Deploy.0 = Release|Any CPU
		{83E46C36-9F6B-44C9-ACA9-988D228842EE}.AppStore|ARM.ActiveCfg = Release|ARM
		{83E46C36-9F6B-44C9-ACA9-988D228842EE}.AppStore|ARM.Build.0 = Release|ARM
		{83E46C36-9F6B-44C9-ACA9-988D228842EE}.AppStore|ARM.Deploy.0 = Release|ARM
		{83E46C36-9F6B-44C9-ACA9-988D228842EE}.AppStore|iPhone.ActiveCfg = Release|Any CPU
		{83E46C36-9F6B-44C9-ACA9-988D228842EE}.AppStore|iPhone.Build.0 = Release|Any CPU
		{83E46C36-9F6B-44C9-ACA9-988D228842EE}.AppStore|iPhone.Deploy.0 = Release|Any CPU
		{83E46C36-9F6B-44C9-ACA9-988D228842EE}.AppStore|iPhoneSimulator.ActiveCfg = Release|Any CPU
		{83E46C36-9F6B-44C9-ACA9-988D228842EE}.AppStore|iPhoneSimulator.Build.0 = Release|Any CPU
		{83E46C36-9F6B-44C9-ACA9-988D228842EE}.AppStore|iPhoneSimulator.Deploy.0 = Release|Any CPU
		{83E46C36-9F6B-44C9-ACA9-988D228842EE}.AppStore|x86.ActiveCfg = Release|x86
		{83E46C36-9F6B-44C9-ACA9-988D228842EE}.AppStore|x86.Build.0 = Release|x86
		{83E46C36-9F6B-44C9-ACA9-988D228842EE}.AppStore|x86.Deploy.0 = Release|x86
		{83E46C36-9F6B-44C9-ACA9-988D228842EE}.Debug|Any CPU.ActiveCfg = Debug|Any CPU
		{83E46C36-9F6B-44C9-ACA9-988D228842EE}.Debug|Any CPU.Build.0 = Debug|Any CPU
		{83E46C36-9F6B-44C9-ACA9-988D228842EE}.Debug|Any CPU.Deploy.0 = Debug|Any CPU
		{83E46C36-9F6B-44C9-ACA9-988D228842EE}.Debug|ARM.ActiveCfg = Debug|ARM
		{83E46C36-9F6B-44C9-ACA9-988D228842EE}.Debug|ARM.Build.0 = Debug|ARM
		{83E46C36-9F6B-44C9-ACA9-988D228842EE}.Debug|ARM.Deploy.0 = Debug|ARM
		{83E46C36-9F6B-44C9-ACA9-988D228842EE}.Debug|iPhone.ActiveCfg = Debug|Any CPU
		{83E46C36-9F6B-44C9-ACA9-988D228842EE}.Debug|iPhone.Build.0 = Debug|Any CPU
		{83E46C36-9F6B-44C9-ACA9-988D228842EE}.Debug|iPhone.Deploy.0 = Debug|Any CPU
		{83E46C36-9F6B-44C9-ACA9-988D228842EE}.Debug|iPhoneSimulator.ActiveCfg = Debug|Any CPU
		{83E46C36-9F6B-44C9-ACA9-988D228842EE}.Debug|iPhoneSimulator.Build.0 = Debug|Any CPU
		{83E46C36-9F6B-44C9-ACA9-988D228842EE}.Debug|iPhoneSimulator.Deploy.0 = Debug|Any CPU
		{83E46C36-9F6B-44C9-ACA9-988D228842EE}.Debug|x86.ActiveCfg = Debug|x86
		{83E46C36-9F6B-44C9-ACA9-988D228842EE}.Debug|x86.Build.0 = Debug|x86
		{83E46C36-9F6B-44C9-ACA9-988D228842EE}.Debug|x86.Deploy.0 = Debug|x86
		{83E46C36-9F6B-44C9-ACA9-988D228842EE}.Release|Any CPU.ActiveCfg = Release|Any CPU
		{83E46C36-9F6B-44C9-ACA9-988D228842EE}.Release|Any CPU.Build.0 = Release|Any CPU
		{83E46C36-9F6B-44C9-ACA9-988D228842EE}.Release|Any CPU.Deploy.0 = Release|Any CPU
		{83E46C36-9F6B-44C9-ACA9-988D228842EE}.Release|ARM.ActiveCfg = Release|ARM
		{83E46C36-9F6B-44C9-ACA9-988D228842EE}.Release|ARM.Build.0 = Release|ARM
		{83E46C36-9F6B-44C9-ACA9-988D228842EE}.Release|ARM.Deploy.0 = Release|ARM
		{83E46C36-9F6B-44C9-ACA9-988D228842EE}.Release|iPhone.ActiveCfg = Release|Any CPU
		{83E46C36-9F6B-44C9-ACA9-988D228842EE}.Release|iPhone.Build.0 = Release|Any CPU
		{83E46C36-9F6B-44C9-ACA9-988D228842EE}.Release|iPhone.Deploy.0 = Release|Any CPU
		{83E46C36-9F6B-44C9-ACA9-988D228842EE}.Release|iPhoneSimulator.ActiveCfg = Release|Any CPU
		{83E46C36-9F6B-44C9-ACA9-988D228842EE}.Release|iPhoneSimulator.Build.0 = Release|Any CPU
		{83E46C36-9F6B-44C9-ACA9-988D228842EE}.Release|iPhoneSimulator.Deploy.0 = Release|Any CPU
		{83E46C36-9F6B-44C9-ACA9-988D228842EE}.Release|x86.ActiveCfg = Release|x86
		{83E46C36-9F6B-44C9-ACA9-988D228842EE}.Release|x86.Build.0 = Release|x86
		{83E46C36-9F6B-44C9-ACA9-988D228842EE}.Release|x86.Deploy.0 = Release|x86
		{EC4BB3E1-F91B-483F-81E3-5F32E859BEC1}.Ad-Hoc|Any CPU.ActiveCfg = Release|Any CPU
		{EC4BB3E1-F91B-483F-81E3-5F32E859BEC1}.Ad-Hoc|Any CPU.Build.0 = Release|Any CPU
		{EC4BB3E1-F91B-483F-81E3-5F32E859BEC1}.Ad-Hoc|ARM.ActiveCfg = Release|Any CPU
		{EC4BB3E1-F91B-483F-81E3-5F32E859BEC1}.Ad-Hoc|ARM.Build.0 = Release|Any CPU
		{EC4BB3E1-F91B-483F-81E3-5F32E859BEC1}.Ad-Hoc|iPhone.ActiveCfg = Release|Any CPU
		{EC4BB3E1-F91B-483F-81E3-5F32E859BEC1}.Ad-Hoc|iPhone.Build.0 = Release|Any CPU
		{EC4BB3E1-F91B-483F-81E3-5F32E859BEC1}.Ad-Hoc|iPhoneSimulator.ActiveCfg = Release|Any CPU
		{EC4BB3E1-F91B-483F-81E3-5F32E859BEC1}.Ad-Hoc|iPhoneSimulator.Build.0 = Release|Any CPU
		{EC4BB3E1-F91B-483F-81E3-5F32E859BEC1}.Ad-Hoc|x86.ActiveCfg = Release|Any CPU
		{EC4BB3E1-F91B-483F-81E3-5F32E859BEC1}.Ad-Hoc|x86.Build.0 = Release|Any CPU
		{EC4BB3E1-F91B-483F-81E3-5F32E859BEC1}.AppStore|Any CPU.ActiveCfg = Release|Any CPU
		{EC4BB3E1-F91B-483F-81E3-5F32E859BEC1}.AppStore|Any CPU.Build.0 = Release|Any CPU
		{EC4BB3E1-F91B-483F-81E3-5F32E859BEC1}.AppStore|ARM.ActiveCfg = Release|Any CPU
		{EC4BB3E1-F91B-483F-81E3-5F32E859BEC1}.AppStore|ARM.Build.0 = Release|Any CPU
		{EC4BB3E1-F91B-483F-81E3-5F32E859BEC1}.AppStore|iPhone.ActiveCfg = Release|Any CPU
		{EC4BB3E1-F91B-483F-81E3-5F32E859BEC1}.AppStore|iPhone.Build.0 = Release|Any CPU
		{EC4BB3E1-F91B-483F-81E3-5F32E859BEC1}.AppStore|iPhoneSimulator.ActiveCfg = Release|Any CPU
		{EC4BB3E1-F91B-483F-81E3-5F32E859BEC1}.AppStore|iPhoneSimulator.Build.0 = Release|Any CPU
		{EC4BB3E1-F91B-483F-81E3-5F32E859BEC1}.AppStore|x86.ActiveCfg = Release|Any CPU
		{EC4BB3E1-F91B-483F-81E3-5F32E859BEC1}.AppStore|x86.Build.0 = Release|Any CPU
		{EC4BB3E1-F91B-483F-81E3-5F32E859BEC1}.Debug|Any CPU.ActiveCfg = Debug|Any CPU
		{EC4BB3E1-F91B-483F-81E3-5F32E859BEC1}.Debug|Any CPU.Build.0 = Debug|Any CPU
		{EC4BB3E1-F91B-483F-81E3-5F32E859BEC1}.Debug|ARM.ActiveCfg = Debug|Any CPU
		{EC4BB3E1-F91B-483F-81E3-5F32E859BEC1}.Debug|ARM.Build.0 = Debug|Any CPU
		{EC4BB3E1-F91B-483F-81E3-5F32E859BEC1}.Debug|iPhone.ActiveCfg = Debug|Any CPU
		{EC4BB3E1-F91B-483F-81E3-5F32E859BEC1}.Debug|iPhone.Build.0 = Debug|Any CPU
		{EC4BB3E1-F91B-483F-81E3-5F32E859BEC1}.Debug|iPhoneSimulator.ActiveCfg = Debug|Any CPU
		{EC4BB3E1-F91B-483F-81E3-5F32E859BEC1}.Debug|iPhoneSimulator.Build.0 = Debug|Any CPU
		{EC4BB3E1-F91B-483F-81E3-5F32E859BEC1}.Debug|x86.ActiveCfg = Debug|Any CPU
		{EC4BB3E1-F91B-483F-81E3-5F32E859BEC1}.Debug|x86.Build.0 = Debug|Any CPU
		{EC4BB3E1-F91B-483F-81E3-5F32E859BEC1}.Release|Any CPU.ActiveCfg = Release|Any CPU
		{EC4BB3E1-F91B-483F-81E3-5F32E859BEC1}.Release|Any CPU.Build.0 = Release|Any CPU
		{EC4BB3E1-F91B-483F-81E3-5F32E859BEC1}.Release|ARM.ActiveCfg = Release|Any CPU
		{EC4BB3E1-F91B-483F-81E3-5F32E859BEC1}.Release|ARM.Build.0 = Release|Any CPU
		{EC4BB3E1-F91B-483F-81E3-5F32E859BEC1}.Release|iPhone.ActiveCfg = Release|Any CPU
		{EC4BB3E1-F91B-483F-81E3-5F32E859BEC1}.Release|iPhone.Build.0 = Release|Any CPU
		{EC4BB3E1-F91B-483F-81E3-5F32E859BEC1}.Release|iPhoneSimulator.ActiveCfg = Release|Any CPU
		{EC4BB3E1-F91B-483F-81E3-5F32E859BEC1}.Release|iPhoneSimulator.Build.0 = Release|Any CPU
		{EC4BB3E1-F91B-483F-81E3-5F32E859BEC1}.Release|x86.ActiveCfg = Release|Any CPU
		{EC4BB3E1-F91B-483F-81E3-5F32E859BEC1}.Release|x86.Build.0 = Release|Any CPU
		{306E793E-8802-4206-B92E-FCCAD665498A}.Ad-Hoc|Any CPU.ActiveCfg = Ad-Hoc|iPhone
		{306E793E-8802-4206-B92E-FCCAD665498A}.Ad-Hoc|ARM.ActiveCfg = Ad-Hoc|iPhone
		{306E793E-8802-4206-B92E-FCCAD665498A}.Ad-Hoc|iPhone.ActiveCfg = Ad-Hoc|iPhone
		{306E793E-8802-4206-B92E-FCCAD665498A}.Ad-Hoc|iPhone.Build.0 = Ad-Hoc|iPhone
		{306E793E-8802-4206-B92E-FCCAD665498A}.Ad-Hoc|iPhoneSimulator.ActiveCfg = Ad-Hoc|iPhoneSimulator
		{306E793E-8802-4206-B92E-FCCAD665498A}.Ad-Hoc|iPhoneSimulator.Build.0 = Ad-Hoc|iPhoneSimulator
		{306E793E-8802-4206-B92E-FCCAD665498A}.Ad-Hoc|x86.ActiveCfg = Ad-Hoc|iPhone
		{306E793E-8802-4206-B92E-FCCAD665498A}.AppStore|Any CPU.ActiveCfg = AppStore|iPhone
		{306E793E-8802-4206-B92E-FCCAD665498A}.AppStore|ARM.ActiveCfg = AppStore|iPhone
		{306E793E-8802-4206-B92E-FCCAD665498A}.AppStore|iPhone.ActiveCfg = AppStore|iPhone
		{306E793E-8802-4206-B92E-FCCAD665498A}.AppStore|iPhone.Build.0 = AppStore|iPhone
		{306E793E-8802-4206-B92E-FCCAD665498A}.AppStore|iPhoneSimulator.ActiveCfg = AppStore|iPhoneSimulator
		{306E793E-8802-4206-B92E-FCCAD665498A}.AppStore|iPhoneSimulator.Build.0 = AppStore|iPhoneSimulator
		{306E793E-8802-4206-B92E-FCCAD665498A}.AppStore|x86.ActiveCfg = AppStore|iPhone
		{306E793E-8802-4206-B92E-FCCAD665498A}.Debug|Any CPU.ActiveCfg = Debug|iPhone
		{306E793E-8802-4206-B92E-FCCAD665498A}.Debug|ARM.ActiveCfg = Debug|iPhone
		{306E793E-8802-4206-B92E-FCCAD665498A}.Debug|iPhone.ActiveCfg = Debug|iPhone
		{306E793E-8802-4206-B92E-FCCAD665498A}.Debug|iPhone.Build.0 = Debug|iPhone
		{306E793E-8802-4206-B92E-FCCAD665498A}.Debug|iPhoneSimulator.ActiveCfg = Debug|iPhoneSimulator
		{306E793E-8802-4206-B92E-FCCAD665498A}.Debug|iPhoneSimulator.Build.0 = Debug|iPhoneSimulator
		{306E793E-8802-4206-B92E-FCCAD665498A}.Debug|x86.ActiveCfg = Debug|iPhone
		{306E793E-8802-4206-B92E-FCCAD665498A}.Release|Any CPU.ActiveCfg = Release|iPhone
		{306E793E-8802-4206-B92E-FCCAD665498A}.Release|ARM.ActiveCfg = Release|iPhone
		{306E793E-8802-4206-B92E-FCCAD665498A}.Release|iPhone.ActiveCfg = Release|iPhone
		{306E793E-8802-4206-B92E-FCCAD665498A}.Release|iPhone.Build.0 = Release|iPhone
		{306E793E-8802-4206-B92E-FCCAD665498A}.Release|iPhoneSimulator.ActiveCfg = Release|iPhoneSimulator
		{306E793E-8802-4206-B92E-FCCAD665498A}.Release|iPhoneSimulator.Build.0 = Release|iPhoneSimulator
		{306E793E-8802-4206-B92E-FCCAD665498A}.Release|x86.ActiveCfg = Release|iPhone
	EndGlobalSection
	GlobalSection(SolutionProperties) = preSolution
		HideSolutionNode = FALSE
	EndGlobalSection
	GlobalSection(NestedProjects) = preSolution
		{0D2FDF0F-61E1-4059-9C42-72642FA73145} = {E50F3BE1-AD83-44C1-B059-A29880F6AE1C}
		{E4E0EB36-7249-4823-A4A0-3BB8556DB140} = {B3762AC0-B102-4C6A-A941-1A07D4D17EA8}
		{BFFDDCA9-718D-46C0-8B0B-AFBEA8E3CF5F} = {B3762AC0-B102-4C6A-A941-1A07D4D17EA8}
		{74C29A87-17B8-449D-891F-0E9B24A9CBB8} = {E50F3BE1-AD83-44C1-B059-A29880F6AE1C}
		{6446610E-7E0C-4B26-A7D8-8AFC8676BCFA} = {74C29A87-17B8-449D-891F-0E9B24A9CBB8}
		{F644825B-66BE-4B42-853B-B39DE2F21CDB} = {74C29A87-17B8-449D-891F-0E9B24A9CBB8}
		{C7754137-104F-4F9F-99BB-68D243D4013D} = {74C29A87-17B8-449D-891F-0E9B24A9CBB8}
		{617E5F54-5899-4E42-BA91-D1CA52737DF2} = {78DF8893-7CAA-467B-8618-AACA7F224D78}
		{85DD5D00-BA38-467E-8F74-919E427E56A2} = {78DF8893-7CAA-467B-8618-AACA7F224D78}
		{83E46C36-9F6B-44C9-ACA9-988D228842EE} = {B3762AC0-B102-4C6A-A941-1A07D4D17EA8}
		{EC4BB3E1-F91B-483F-81E3-5F32E859BEC1} = {74C29A87-17B8-449D-891F-0E9B24A9CBB8}
		{306E793E-8802-4206-B92E-FCCAD665498A} = {B3762AC0-B102-4C6A-A941-1A07D4D17EA8}
	EndGlobalSection
EndGlobal
