
Microsoft Visual Studio Solution File, Format Version 12.00
# Visual Studio 14
VisualStudioVersion = 14.0.25420.1
MinimumVisualStudioVersion = 10.0.40219.1
Project("{2150E333-8FDC-42A3-9474-1A3956D46DE8}") = "Sample", "Sample", "{B3762AC0-B102-4C6A-A941-1A07D4D17EA8}"
EndProject
Project("{2150E333-8FDC-42A3-9474-1A3956D46DE8}") = "Controls", "Controls", "{E50F3BE1-AD83-44C1-B059-A29880F6AE1C}"
EndProject
Project("{2150E333-8FDC-42A3-9474-1A3956D46DE8}") = "Nuspec", "Nuspec", "{78DF8893-7CAA-467B-8618-AACA7F224D78}"
	ProjectSection(SolutionItems) = preProject
		nuspec\MvvmCross.Controls.Android.RecyclerViewPlus.nuspec = nuspec\MvvmCross.Controls.Android.RecyclerViewPlus.nuspec
		nuspec\MvvmCross.Controls.Android.SectionedRecyclerView.nuspec = nuspec\MvvmCross.Controls.Android.SectionedRecyclerView.nuspec
	EndProjectSection
EndProject
Project("{FAE04EC0-301F-11D3-BF4B-00C04F79EFBC}") = "MvvmCross.Controls.Android.RecyclerViewPlus", "Controls\MvvmCross.Controls.Android.RecyclerViewPlus\MvvmCross.Controls.Android.RecyclerViewPlus.csproj", "{F644825B-66BE-4B42-853B-B39DE2F21CDB}"
EndProject
Project("{FAE04EC0-301F-11D3-BF4B-00C04F79EFBC}") = "MvvmCross.Controls.Android.SectionedRecyclerView", "Controls\MvvmCross.Controls.Android.SectionedRecyclerView\MvvmCross.Controls.Android.SectionedRecyclerView.csproj", "{0D2FDF0F-61E1-4059-9C42-72642FA73145}"
EndProject
Project("{FAE04EC0-301F-11D3-BF4B-00C04F79EFBC}") = "MvvmCross.Controls.Core.IncrementalLoadingList", "Controls\MvvmCross.Controls.Core.IncrementalLoadingList\MvvmCross.Controls.Core.IncrementalLoadingList.csproj", "{6446610E-7E0C-4B26-A7D8-8AFC8676BCFA}"
EndProject
Project("{FAE04EC0-301F-11D3-BF4B-00C04F79EFBC}") = "MvvmCross.Controls.Sample.Core", "Samples\MvvmCross.Controls.Sample.Core\MvvmCross.Controls.Sample.Core.csproj", "{E4E0EB36-7249-4823-A4A0-3BB8556DB140}"
EndProject
Project("{FAE04EC0-301F-11D3-BF4B-00C04F79EFBC}") = "MvvmCross.Controls.Sample.Droid", "Samples\MvvmCross.Controls.Sample.Droid\MvvmCross.Controls.Sample.Droid.csproj", "{BFFDDCA9-718D-46C0-8B0B-AFBEA8E3CF5F}"
EndProject
Global
	GlobalSection(SolutionConfigurationPlatforms) = preSolution
		Debug|Any CPU = Debug|Any CPU
		Release|Any CPU = Release|Any CPU
	EndGlobalSection
	GlobalSection(ProjectConfigurationPlatforms) = postSolution
		{F644825B-66BE-4B42-853B-B39DE2F21CDB}.Debug|Any CPU.ActiveCfg = Debug|Any CPU
		{F644825B-66BE-4B42-853B-B39DE2F21CDB}.Debug|Any CPU.Build.0 = Debug|Any CPU
		{F644825B-66BE-4B42-853B-B39DE2F21CDB}.Release|Any CPU.ActiveCfg = Release|Any CPU
		{F644825B-66BE-4B42-853B-B39DE2F21CDB}.Release|Any CPU.Build.0 = Release|Any CPU
		{0D2FDF0F-61E1-4059-9C42-72642FA73145}.Debug|Any CPU.ActiveCfg = Debug|Any CPU
		{0D2FDF0F-61E1-4059-9C42-72642FA73145}.Debug|Any CPU.Build.0 = Debug|Any CPU
		{0D2FDF0F-61E1-4059-9C42-72642FA73145}.Release|Any CPU.ActiveCfg = Release|Any CPU
		{0D2FDF0F-61E1-4059-9C42-72642FA73145}.Release|Any CPU.Build.0 = Release|Any CPU
		{6446610E-7E0C-4B26-A7D8-8AFC8676BCFA}.Debug|Any CPU.ActiveCfg = Debug|Any CPU
		{6446610E-7E0C-4B26-A7D8-8AFC8676BCFA}.Debug|Any CPU.Build.0 = Debug|Any CPU
		{6446610E-7E0C-4B26-A7D8-8AFC8676BCFA}.Release|Any CPU.ActiveCfg = Release|Any CPU
		{6446610E-7E0C-4B26-A7D8-8AFC8676BCFA}.Release|Any CPU.Build.0 = Release|Any CPU
		{E4E0EB36-7249-4823-A4A0-3BB8556DB140}.Debug|Any CPU.ActiveCfg = Debug|Any CPU
		{E4E0EB36-7249-4823-A4A0-3BB8556DB140}.Debug|Any CPU.Build.0 = Debug|Any CPU
		{E4E0EB36-7249-4823-A4A0-3BB8556DB140}.Release|Any CPU.ActiveCfg = Release|Any CPU
		{E4E0EB36-7249-4823-A4A0-3BB8556DB140}.Release|Any CPU.Build.0 = Release|Any CPU
		{BFFDDCA9-718D-46C0-8B0B-AFBEA8E3CF5F}.Debug|Any CPU.ActiveCfg = Debug|Any CPU
		{BFFDDCA9-718D-46C0-8B0B-AFBEA8E3CF5F}.Debug|Any CPU.Build.0 = Debug|Any CPU
		{BFFDDCA9-718D-46C0-8B0B-AFBEA8E3CF5F}.Debug|Any CPU.Deploy.0 = Debug|Any CPU
		{BFFDDCA9-718D-46C0-8B0B-AFBEA8E3CF5F}.Release|Any CPU.ActiveCfg = Release|Any CPU
		{BFFDDCA9-718D-46C0-8B0B-AFBEA8E3CF5F}.Release|Any CPU.Build.0 = Release|Any CPU
		{BFFDDCA9-718D-46C0-8B0B-AFBEA8E3CF5F}.Release|Any CPU.Deploy.0 = Release|Any CPU
	EndGlobalSection
	GlobalSection(SolutionProperties) = preSolution
		HideSolutionNode = FALSE
	EndGlobalSection
	GlobalSection(NestedProjects) = preSolution
		{F644825B-66BE-4B42-853B-B39DE2F21CDB} = {E50F3BE1-AD83-44C1-B059-A29880F6AE1C}
		{0D2FDF0F-61E1-4059-9C42-72642FA73145} = {E50F3BE1-AD83-44C1-B059-A29880F6AE1C}
		{6446610E-7E0C-4B26-A7D8-8AFC8676BCFA} = {E50F3BE1-AD83-44C1-B059-A29880F6AE1C}
		{E4E0EB36-7249-4823-A4A0-3BB8556DB140} = {B3762AC0-B102-4C6A-A941-1A07D4D17EA8}
		{BFFDDCA9-718D-46C0-8B0B-AFBEA8E3CF5F} = {B3762AC0-B102-4C6A-A941-1A07D4D17EA8}
	EndGlobalSection
EndGlobal
