
Microsoft Visual Studio Solution File, Format Version 12.00
# Visual Studio 14
VisualStudioVersion = 14.0.25420.1
MinimumVisualStudioVersion = 10.0.40219.1
Project("{FAE04EC0-301F-11D3-BF4B-00C04F79EFBC}") = "MvvmCross.Android.Controls.Sample.Core", "MvvmCross.Android.Controls.Sample.Core\MvvmCross.Android.Controls.Sample.Core.csproj", "{0125FDE8-8014-42E8-9BBB-D983CC809D9B}"
EndProject
Project("{FAE04EC0-301F-11D3-BF4B-00C04F79EFBC}") = "MvvmCross.Android.Controls.Sample.Droid", "MvvmCross.Android.Controls.Sample.Droid\MvvmCross.Android.Controls.Sample.Droid.csproj", "{A7E085D4-C510-4813-8142-FF6DF912C482}"
EndProject
Global
	GlobalSection(SolutionConfigurationPlatforms) = preSolution
		Debug|Any CPU = Debug|Any CPU
		Release|Any CPU = Release|Any CPU
	EndGlobalSection
	GlobalSection(ProjectConfigurationPlatforms) = postSolution
		{0125FDE8-8014-42E8-9BBB-D983CC809D9B}.Debug|Any CPU.ActiveCfg = Debug|Any CPU
		{0125FDE8-8014-42E8-9BBB-D983CC809D9B}.Debug|Any CPU.Build.0 = Debug|Any CPU
		{0125FDE8-8014-42E8-9BBB-D983CC809D9B}.Release|Any CPU.ActiveCfg = Release|Any CPU
		{0125FDE8-8014-42E8-9BBB-D983CC809D9B}.Release|Any CPU.Build.0 = Release|Any CPU
		{A7E085D4-C510-4813-8142-FF6DF912C482}.Debug|Any CPU.ActiveCfg = Debug|Any CPU
		{A7E085D4-C510-4813-8142-FF6DF912C482}.Debug|Any CPU.Build.0 = Debug|Any CPU
		{A7E085D4-C510-4813-8142-FF6DF912C482}.Debug|Any CPU.Deploy.0 = Debug|Any CPU
		{A7E085D4-C510-4813-8142-FF6DF912C482}.Release|Any CPU.ActiveCfg = Release|Any CPU
		{A7E085D4-C510-4813-8142-FF6DF912C482}.Release|Any CPU.Build.0 = Release|Any CPU
		{A7E085D4-C510-4813-8142-FF6DF912C482}.Release|Any CPU.Deploy.0 = Release|Any CPU
	EndGlobalSection
	GlobalSection(SolutionProperties) = preSolution
		HideSolutionNode = FALSE
	EndGlobalSection
EndGlobal
